// !$*UTF8*$!
{
	archiveVersion = 1;
	classes = {
	};
	objectVersion = 56;
	objects = {

/* Begin PBXBuildFile section */
		102C60D328FFD3E90088D627 /* patchorg.c in Sources */ = {isa = PBXBuildFile; fileRef = 102C60D228FFD3E90088D627 /* patchorg.c */; };
		102C60D528FFD4400088D627 /* PatchOrg.swift in Sources */ = {isa = PBXBuildFile; fileRef = 102C60D428FFD4400088D627 /* PatchOrg.swift */; };
		1031520D28FDA7910066B958 /* PatchOrganizerApp.swift in Sources */ = {isa = PBXBuildFile; fileRef = 1031520C28FDA7910066B958 /* PatchOrganizerApp.swift */; };
		1031520F28FDA7910066B958 /* ContentView.swift in Sources */ = {isa = PBXBuildFile; fileRef = 1031520E28FDA7910066B958 /* ContentView.swift */; };
		1031521128FDA7930066B958 /* Assets.xcassets in Resources */ = {isa = PBXBuildFile; fileRef = 1031521028FDA7930066B958 /* Assets.xcassets */; };
		1031521428FDA7930066B958 /* Preview Assets.xcassets in Resources */ = {isa = PBXBuildFile; fileRef = 1031521328FDA7930066B958 /* Preview Assets.xcassets */; };
		1031521F28FDA7930066B958 /* PatchOrganizerTests.swift in Sources */ = {isa = PBXBuildFile; fileRef = 1031521E28FDA7930066B958 /* PatchOrganizerTests.swift */; };
		1031522928FDA7930066B958 /* PatchOrganizerUITests.swift in Sources */ = {isa = PBXBuildFile; fileRef = 1031522828FDA7930066B958 /* PatchOrganizerUITests.swift */; };
		1031522B28FDA7930066B958 /* PatchOrganizerUITestsLaunchTests.swift in Sources */ = {isa = PBXBuildFile; fileRef = 1031522A28FDA7930066B958 /* PatchOrganizerUITestsLaunchTests.swift */; };
		105F18B82908302000C32702 /* Credits.rtf in Resources */ = {isa = PBXBuildFile; fileRef = 105F18B72908301F00C32702 /* Credits.rtf */; };
		105F18BA290832FD00C32702 /* PatchOrganizerMenu.swift in Sources */ = {isa = PBXBuildFile; fileRef = 105F18B9290832FD00C32702 /* PatchOrganizerMenu.swift */; };
/* End PBXBuildFile section */

/* Begin PBXContainerItemProxy section */
		1031521B28FDA7930066B958 /* PBXContainerItemProxy */ = {
			isa = PBXContainerItemProxy;
			containerPortal = 1031520128FDA7910066B958 /* Project object */;
			proxyType = 1;
			remoteGlobalIDString = 1031520828FDA7910066B958;
			remoteInfo = PatchOrganizer;
		};
		1031522528FDA7930066B958 /* PBXContainerItemProxy */ = {
			isa = PBXContainerItemProxy;
			containerPortal = 1031520128FDA7910066B958 /* Project object */;
			proxyType = 1;
			remoteGlobalIDString = 1031520828FDA7910066B958;
			remoteInfo = PatchOrganizer;
		};
/* End PBXContainerItemProxy section */

/* Begin PBXFileReference section */
		102C60D028FFD3E90088D627 /* PatchOrganizer-Bridging-Header.h */ = {isa = PBXFileReference; lastKnownFileType = sourcecode.c.h; path = "PatchOrganizer-Bridging-Header.h"; sourceTree = "<group>"; };
		102C60D128FFD3E90088D627 /* patchorg.h */ = {isa = PBXFileReference; fileEncoding = 4; lastKnownFileType = sourcecode.c.h; path = patchorg.h; sourceTree = "<group>"; };
		102C60D228FFD3E90088D627 /* patchorg.c */ = {isa = PBXFileReference; fileEncoding = 4; lastKnownFileType = sourcecode.c.c; path = patchorg.c; sourceTree = "<group>"; };
		102C60D428FFD4400088D627 /* PatchOrg.swift */ = {isa = PBXFileReference; lastKnownFileType = sourcecode.swift; path = PatchOrg.swift; sourceTree = "<group>"; };
		1031520928FDA7910066B958 /* PatchOrganizer.app */ = {isa = PBXFileReference; explicitFileType = wrapper.application; includeInIndex = 0; path = PatchOrganizer.app; sourceTree = BUILT_PRODUCTS_DIR; };
		1031520C28FDA7910066B958 /* PatchOrganizerApp.swift */ = {isa = PBXFileReference; lastKnownFileType = sourcecode.swift; path = PatchOrganizerApp.swift; sourceTree = "<group>"; };
		1031520E28FDA7910066B958 /* ContentView.swift */ = {isa = PBXFileReference; lastKnownFileType = sourcecode.swift; path = ContentView.swift; sourceTree = "<group>"; };
		1031521028FDA7930066B958 /* Assets.xcassets */ = {isa = PBXFileReference; lastKnownFileType = folder.assetcatalog; path = Assets.xcassets; sourceTree = "<group>"; };
		1031521328FDA7930066B958 /* Preview Assets.xcassets */ = {isa = PBXFileReference; lastKnownFileType = folder.assetcatalog; path = "Preview Assets.xcassets"; sourceTree = "<group>"; };
		1031521528FDA7930066B958 /* PatchOrganizer.entitlements */ = {isa = PBXFileReference; lastKnownFileType = text.plist.entitlements; path = PatchOrganizer.entitlements; sourceTree = "<group>"; };
		1031521A28FDA7930066B958 /* PatchOrganizerTests.xctest */ = {isa = PBXFileReference; explicitFileType = wrapper.cfbundle; includeInIndex = 0; path = PatchOrganizerTests.xctest; sourceTree = BUILT_PRODUCTS_DIR; };
		1031521E28FDA7930066B958 /* PatchOrganizerTests.swift */ = {isa = PBXFileReference; lastKnownFileType = sourcecode.swift; path = PatchOrganizerTests.swift; sourceTree = "<group>"; };
		1031522428FDA7930066B958 /* PatchOrganizerUITests.xctest */ = {isa = PBXFileReference; explicitFileType = wrapper.cfbundle; includeInIndex = 0; path = PatchOrganizerUITests.xctest; sourceTree = BUILT_PRODUCTS_DIR; };
		1031522828FDA7930066B958 /* PatchOrganizerUITests.swift */ = {isa = PBXFileReference; lastKnownFileType = sourcecode.swift; path = PatchOrganizerUITests.swift; sourceTree = "<group>"; };
		1031522A28FDA7930066B958 /* PatchOrganizerUITestsLaunchTests.swift */ = {isa = PBXFileReference; lastKnownFileType = sourcecode.swift; path = PatchOrganizerUITestsLaunchTests.swift; sourceTree = "<group>"; };
		105F18B62907FFEE00C32702 /* license.txt */ = {isa = PBXFileReference; lastKnownFileType = text; path = license.txt; sourceTree = "<group>"; };
		105F18B72908301F00C32702 /* Credits.rtf */ = {isa = PBXFileReference; lastKnownFileType = text.rtf; path = Credits.rtf; sourceTree = "<group>"; };
		105F18B9290832FD00C32702 /* PatchOrganizerMenu.swift */ = {isa = PBXFileReference; lastKnownFileType = sourcecode.swift; path = PatchOrganizerMenu.swift; sourceTree = "<group>"; };
/* End PBXFileReference section */

/* Begin PBXFrameworksBuildPhase section */
		1031520628FDA7910066B958 /* Frameworks */ = {
			isa = PBXFrameworksBuildPhase;
			buildActionMask = 2147483647;
			files = (
			);
			runOnlyForDeploymentPostprocessing = 0;
		};
		1031521728FDA7930066B958 /* Frameworks */ = {
			isa = PBXFrameworksBuildPhase;
			buildActionMask = 2147483647;
			files = (
			);
			runOnlyForDeploymentPostprocessing = 0;
		};
		1031522128FDA7930066B958 /* Frameworks */ = {
			isa = PBXFrameworksBuildPhase;
			buildActionMask = 2147483647;
			files = (
			);
			runOnlyForDeploymentPostprocessing = 0;
		};
/* End PBXFrameworksBuildPhase section */

/* Begin PBXGroup section */
		1031520028FDA7910066B958 = {
			isa = PBXGroup;
			children = (
				1031520B28FDA7910066B958 /* PatchOrganizer */,
				1031521D28FDA7930066B958 /* PatchOrganizerTests */,
				1031522728FDA7930066B958 /* PatchOrganizerUITests */,
				1031520A28FDA7910066B958 /* Products */,
			);
			sourceTree = "<group>";
		};
		1031520A28FDA7910066B958 /* Products */ = {
			isa = PBXGroup;
			children = (
				1031520928FDA7910066B958 /* PatchOrganizer.app */,
				1031521A28FDA7930066B958 /* PatchOrganizerTests.xctest */,
				1031522428FDA7930066B958 /* PatchOrganizerUITests.xctest */,
			);
			name = Products;
			sourceTree = "<group>";
		};
		1031520B28FDA7910066B958 /* PatchOrganizer */ = {
			isa = PBXGroup;
			children = (
				102C60D228FFD3E90088D627 /* patchorg.c */,
				102C60D128FFD3E90088D627 /* patchorg.h */,
				1031520C28FDA7910066B958 /* PatchOrganizerApp.swift */,
				105F18B9290832FD00C32702 /* PatchOrganizerMenu.swift */,
				105F18B72908301F00C32702 /* Credits.rtf */,
				1031520E28FDA7910066B958 /* ContentView.swift */,
				105F18B62907FFEE00C32702 /* license.txt */,
				102C60D428FFD4400088D627 /* PatchOrg.swift */,
				1031521028FDA7930066B958 /* Assets.xcassets */,
				1031521528FDA7930066B958 /* PatchOrganizer.entitlements */,
				102C60D028FFD3E90088D627 /* PatchOrganizer-Bridging-Header.h */,
				1031521228FDA7930066B958 /* Preview Content */,
			);
			path = PatchOrganizer;
			sourceTree = "<group>";
		};
		1031521228FDA7930066B958 /* Preview Content */ = {
			isa = PBXGroup;
			children = (
				1031521328FDA7930066B958 /* Preview Assets.xcassets */,
			);
			path = "Preview Content";
			sourceTree = "<group>";
		};
		1031521D28FDA7930066B958 /* PatchOrganizerTests */ = {
			isa = PBXGroup;
			children = (
				1031521E28FDA7930066B958 /* PatchOrganizerTests.swift */,
			);
			path = PatchOrganizerTests;
			sourceTree = "<group>";
		};
		1031522728FDA7930066B958 /* PatchOrganizerUITests */ = {
			isa = PBXGroup;
			children = (
				1031522828FDA7930066B958 /* PatchOrganizerUITests.swift */,
				1031522A28FDA7930066B958 /* PatchOrganizerUITestsLaunchTests.swift */,
			);
			path = PatchOrganizerUITests;
			sourceTree = "<group>";
		};
/* End PBXGroup section */

/* Begin PBXNativeTarget section */
		1031520828FDA7910066B958 /* PatchOrganizer */ = {
			isa = PBXNativeTarget;
			buildConfigurationList = 1031522E28FDA7930066B958 /* Build configuration list for PBXNativeTarget "PatchOrganizer" */;
			buildPhases = (
				1031520528FDA7910066B958 /* Sources */,
				1031520628FDA7910066B958 /* Frameworks */,
				1031520728FDA7910066B958 /* Resources */,
			);
			buildRules = (
			);
			dependencies = (
			);
			name = PatchOrganizer;
			productName = PatchOrganizer;
			productReference = 1031520928FDA7910066B958 /* PatchOrganizer.app */;
			productType = "com.apple.product-type.application";
		};
		1031521928FDA7930066B958 /* PatchOrganizerTests */ = {
			isa = PBXNativeTarget;
			buildConfigurationList = 1031523128FDA7930066B958 /* Build configuration list for PBXNativeTarget "PatchOrganizerTests" */;
			buildPhases = (
				1031521628FDA7930066B958 /* Sources */,
				1031521728FDA7930066B958 /* Frameworks */,
				1031521828FDA7930066B958 /* Resources */,
			);
			buildRules = (
			);
			dependencies = (
				1031521C28FDA7930066B958 /* PBXTargetDependency */,
			);
			name = PatchOrganizerTests;
			productName = PatchOrganizerTests;
			productReference = 1031521A28FDA7930066B958 /* PatchOrganizerTests.xctest */;
			productType = "com.apple.product-type.bundle.unit-test";
		};
		1031522328FDA7930066B958 /* PatchOrganizerUITests */ = {
			isa = PBXNativeTarget;
			buildConfigurationList = 1031523428FDA7930066B958 /* Build configuration list for PBXNativeTarget "PatchOrganizerUITests" */;
			buildPhases = (
				1031522028FDA7930066B958 /* Sources */,
				1031522128FDA7930066B958 /* Frameworks */,
				1031522228FDA7930066B958 /* Resources */,
			);
			buildRules = (
			);
			dependencies = (
				1031522628FDA7930066B958 /* PBXTargetDependency */,
			);
			name = PatchOrganizerUITests;
			productName = PatchOrganizerUITests;
			productReference = 1031522428FDA7930066B958 /* PatchOrganizerUITests.xctest */;
			productType = "com.apple.product-type.bundle.ui-testing";
		};
/* End PBXNativeTarget section */

/* Begin PBXProject section */
		1031520128FDA7910066B958 /* Project object */ = {
			isa = PBXProject;
			attributes = {
				BuildIndependentTargetsInParallel = 1;
				LastSwiftUpdateCheck = 1400;
				LastUpgradeCheck = 1400;
				TargetAttributes = {
					1031520828FDA7910066B958 = {
						CreatedOnToolsVersion = 14.0.1;
						LastSwiftMigration = 1400;
					};
					1031521928FDA7930066B958 = {
						CreatedOnToolsVersion = 14.0.1;
						TestTargetID = 1031520828FDA7910066B958;
					};
					1031522328FDA7930066B958 = {
						CreatedOnToolsVersion = 14.0.1;
						TestTargetID = 1031520828FDA7910066B958;
					};
				};
			};
			buildConfigurationList = 1031520428FDA7910066B958 /* Build configuration list for PBXProject "PatchOrganizer" */;
			compatibilityVersion = "Xcode 14.0";
			developmentRegion = en;
			hasScannedForEncodings = 0;
			knownRegions = (
				en,
				Base,
			);
			mainGroup = 1031520028FDA7910066B958;
			productRefGroup = 1031520A28FDA7910066B958 /* Products */;
			projectDirPath = "";
			projectRoot = "";
			targets = (
				1031520828FDA7910066B958 /* PatchOrganizer */,
				1031521928FDA7930066B958 /* PatchOrganizerTests */,
				1031522328FDA7930066B958 /* PatchOrganizerUITests */,
			);
		};
/* End PBXProject section */

/* Begin PBXResourcesBuildPhase section */
		1031520728FDA7910066B958 /* Resources */ = {
			isa = PBXResourcesBuildPhase;
			buildActionMask = 2147483647;
			files = (
				1031521428FDA7930066B958 /* Preview Assets.xcassets in Resources */,
				105F18B82908302000C32702 /* Credits.rtf in Resources */,
				1031521128FDA7930066B958 /* Assets.xcassets in Resources */,
			);
			runOnlyForDeploymentPostprocessing = 0;
		};
		1031521828FDA7930066B958 /* Resources */ = {
			isa = PBXResourcesBuildPhase;
			buildActionMask = 2147483647;
			files = (
			);
			runOnlyForDeploymentPostprocessing = 0;
		};
		1031522228FDA7930066B958 /* Resources */ = {
			isa = PBXResourcesBuildPhase;
			buildActionMask = 2147483647;
			files = (
			);
			runOnlyForDeploymentPostprocessing = 0;
		};
/* End PBXResourcesBuildPhase section */

/* Begin PBXSourcesBuildPhase section */
		1031520528FDA7910066B958 /* Sources */ = {
			isa = PBXSourcesBuildPhase;
			buildActionMask = 2147483647;
			files = (
				102C60D328FFD3E90088D627 /* patchorg.c in Sources */,
				102C60D528FFD4400088D627 /* PatchOrg.swift in Sources */,
				1031520F28FDA7910066B958 /* ContentView.swift in Sources */,
				1031520D28FDA7910066B958 /* PatchOrganizerApp.swift in Sources */,
				105F18BA290832FD00C32702 /* PatchOrganizerMenu.swift in Sources */,
			);
			runOnlyForDeploymentPostprocessing = 0;
		};
		1031521628FDA7930066B958 /* Sources */ = {
			isa = PBXSourcesBuildPhase;
			buildActionMask = 2147483647;
			files = (
				1031521F28FDA7930066B958 /* PatchOrganizerTests.swift in Sources */,
			);
			runOnlyForDeploymentPostprocessing = 0;
		};
		1031522028FDA7930066B958 /* Sources */ = {
			isa = PBXSourcesBuildPhase;
			buildActionMask = 2147483647;
			files = (
				1031522928FDA7930066B958 /* PatchOrganizerUITests.swift in Sources */,
				1031522B28FDA7930066B958 /* PatchOrganizerUITestsLaunchTests.swift in Sources */,
			);
			runOnlyForDeploymentPostprocessing = 0;
		};
/* End PBXSourcesBuildPhase section */

/* Begin PBXTargetDependency section */
		1031521C28FDA7930066B958 /* PBXTargetDependency */ = {
			isa = PBXTargetDependency;
			target = 1031520828FDA7910066B958 /* PatchOrganizer */;
			targetProxy = 1031521B28FDA7930066B958 /* PBXContainerItemProxy */;
		};
		1031522628FDA7930066B958 /* PBXTargetDependency */ = {
			isa = PBXTargetDependency;
			target = 1031520828FDA7910066B958 /* PatchOrganizer */;
			targetProxy = 1031522528FDA7930066B958 /* PBXContainerItemProxy */;
		};
/* End PBXTargetDependency section */

/* Begin XCBuildConfiguration section */
		1031522C28FDA7930066B958 /* Debug */ = {
			isa = XCBuildConfiguration;
			buildSettings = {
				ALWAYS_SEARCH_USER_PATHS = NO;
				CLANG_ANALYZER_NONNULL = YES;
				CLANG_ANALYZER_NUMBER_OBJECT_CONVERSION = YES_AGGRESSIVE;
				CLANG_CXX_LANGUAGE_STANDARD = "gnu++20";
				CLANG_ENABLE_MODULES = YES;
				CLANG_ENABLE_OBJC_ARC = YES;
				CLANG_ENABLE_OBJC_WEAK = YES;
				CLANG_WARN_BLOCK_CAPTURE_AUTORELEASING = YES;
				CLANG_WARN_BOOL_CONVERSION = YES;
				CLANG_WARN_COMMA = YES;
				CLANG_WARN_CONSTANT_CONVERSION = YES;
				CLANG_WARN_DEPRECATED_OBJC_IMPLEMENTATIONS = YES;
				CLANG_WARN_DIRECT_OBJC_ISA_USAGE = YES_ERROR;
				CLANG_WARN_DOCUMENTATION_COMMENTS = YES;
				CLANG_WARN_EMPTY_BODY = YES;
				CLANG_WARN_ENUM_CONVERSION = YES;
				CLANG_WARN_INFINITE_RECURSION = YES;
				CLANG_WARN_INT_CONVERSION = YES;
				CLANG_WARN_NON_LITERAL_NULL_CONVERSION = YES;
				CLANG_WARN_OBJC_IMPLICIT_RETAIN_SELF = YES;
				CLANG_WARN_OBJC_LITERAL_CONVERSION = YES;
				CLANG_WARN_OBJC_ROOT_CLASS = YES_ERROR;
				CLANG_WARN_QUOTED_INCLUDE_IN_FRAMEWORK_HEADER = YES;
				CLANG_WARN_RANGE_LOOP_ANALYSIS = YES;
				CLANG_WARN_STRICT_PROTOTYPES = YES;
				CLANG_WARN_SUSPICIOUS_MOVE = YES;
				CLANG_WARN_UNGUARDED_AVAILABILITY = YES_AGGRESSIVE;
				CLANG_WARN_UNREACHABLE_CODE = YES;
				CLANG_WARN__DUPLICATE_METHOD_MATCH = YES;
				COPY_PHASE_STRIP = NO;
				DEBUG_INFORMATION_FORMAT = dwarf;
				ENABLE_STRICT_OBJC_MSGSEND = YES;
				ENABLE_TESTABILITY = YES;
				GCC_C_LANGUAGE_STANDARD = gnu11;
				GCC_DYNAMIC_NO_PIC = NO;
				GCC_NO_COMMON_BLOCKS = YES;
				GCC_OPTIMIZATION_LEVEL = 0;
				GCC_PREPROCESSOR_DEFINITIONS = (
					"DEBUG=1",
					"$(inherited)",
				);
				GCC_WARN_64_TO_32_BIT_CONVERSION = YES;
				GCC_WARN_ABOUT_RETURN_TYPE = YES_ERROR;
				GCC_WARN_UNDECLARED_SELECTOR = YES;
				GCC_WARN_UNINITIALIZED_AUTOS = YES_AGGRESSIVE;
				GCC_WARN_UNUSED_FUNCTION = YES;
				GCC_WARN_UNUSED_VARIABLE = YES;
				MACOSX_DEPLOYMENT_TARGET = 12.3;
				MTL_ENABLE_DEBUG_INFO = INCLUDE_SOURCE;
				MTL_FAST_MATH = YES;
				ONLY_ACTIVE_ARCH = YES;
				SDKROOT = macosx;
				SWIFT_ACTIVE_COMPILATION_CONDITIONS = DEBUG;
				SWIFT_OPTIMIZATION_LEVEL = "-Onone";
			};
			name = Debug;
		};
		1031522D28FDA7930066B958 /* Release */ = {
			isa = XCBuildConfiguration;
			buildSettings = {
				ALWAYS_SEARCH_USER_PATHS = NO;
				CLANG_ANALYZER_NONNULL = YES;
				CLANG_ANALYZER_NUMBER_OBJECT_CONVERSION = YES_AGGRESSIVE;
				CLANG_CXX_LANGUAGE_STANDARD = "gnu++20";
				CLANG_ENABLE_MODULES = YES;
				CLANG_ENABLE_OBJC_ARC = YES;
				CLANG_ENABLE_OBJC_WEAK = YES;
				CLANG_WARN_BLOCK_CAPTURE_AUTORELEASING = YES;
				CLANG_WARN_BOOL_CONVERSION = YES;
				CLANG_WARN_COMMA = YES;
				CLANG_WARN_CONSTANT_CONVERSION = YES;
				CLANG_WARN_DEPRECATED_OBJC_IMPLEMENTATIONS = YES;
				CLANG_WARN_DIRECT_OBJC_ISA_USAGE = YES_ERROR;
				CLANG_WARN_DOCUMENTATION_COMMENTS = YES;
				CLANG_WARN_EMPTY_BODY = YES;
				CLANG_WARN_ENUM_CONVERSION = YES;
				CLANG_WARN_INFINITE_RECURSION = YES;
				CLANG_WARN_INT_CONVERSION = YES;
				CLANG_WARN_NON_LITERAL_NULL_CONVERSION = YES;
				CLANG_WARN_OBJC_IMPLICIT_RETAIN_SELF = YES;
				CLANG_WARN_OBJC_LITERAL_CONVERSION = YES;
				CLANG_WARN_OBJC_ROOT_CLASS = YES_ERROR;
				CLANG_WARN_QUOTED_INCLUDE_IN_FRAMEWORK_HEADER = YES;
				CLANG_WARN_RANGE_LOOP_ANALYSIS = YES;
				CLANG_WARN_STRICT_PROTOTYPES = YES;
				CLANG_WARN_SUSPICIOUS_MOVE = YES;
				CLANG_WARN_UNGUARDED_AVAILABILITY = YES_AGGRESSIVE;
				CLANG_WARN_UNREACHABLE_CODE = YES;
				CLANG_WARN__DUPLICATE_METHOD_MATCH = YES;
				COPY_PHASE_STRIP = NO;
				DEBUG_INFORMATION_FORMAT = "dwarf-with-dsym";
				ENABLE_NS_ASSERTIONS = NO;
				ENABLE_STRICT_OBJC_MSGSEND = YES;
				GCC_C_LANGUAGE_STANDARD = gnu11;
				GCC_NO_COMMON_BLOCKS = YES;
				GCC_WARN_64_TO_32_BIT_CONVERSION = YES;
				GCC_WARN_ABOUT_RETURN_TYPE = YES_ERROR;
				GCC_WARN_UNDECLARED_SELECTOR = YES;
				GCC_WARN_UNINITIALIZED_AUTOS = YES_AGGRESSIVE;
				GCC_WARN_UNUSED_FUNCTION = YES;
				GCC_WARN_UNUSED_VARIABLE = YES;
				MACOSX_DEPLOYMENT_TARGET = 12.3;
				MTL_ENABLE_DEBUG_INFO = NO;
				MTL_FAST_MATH = YES;
				SDKROOT = macosx;
				SWIFT_COMPILATION_MODE = wholemodule;
				SWIFT_OPTIMIZATION_LEVEL = "-O";
			};
			name = Release;
		};
		1031522F28FDA7930066B958 /* Debug */ = {
			isa = XCBuildConfiguration;
			buildSettings = {
				ASSETCATALOG_COMPILER_APPICON_NAME = AppIcon;
				"ASSETCATALOG_COMPILER_APPICON_NAME[sdk=macosx*]" = AppIcon;
				ASSETCATALOG_COMPILER_GLOBAL_ACCENT_COLOR_NAME = AccentColor;
				ASSETCATALOG_COMPILER_INCLUDE_ALL_APPICON_ASSETS = YES;
				CLANG_ENABLE_MODULES = YES;
				CODE_SIGN_ENTITLEMENTS = PatchOrganizer/PatchOrganizer.entitlements;
				CODE_SIGN_STYLE = Automatic;
				COMBINE_HIDPI_IMAGES = YES;
				CURRENT_PROJECT_VERSION = 1;
				DEVELOPMENT_ASSET_PATHS = "\"PatchOrganizer/Preview Content\"";
				ENABLE_PREVIEWS = YES;
				GCC_NO_COMMON_BLOCKS = NO;
				GENERATE_INFOPLIST_FILE = YES;
				INFOPLIST_KEY_CFBundleDisplayName = PatchOrganizer;
				INFOPLIST_KEY_LSApplicationCategoryType = "public.app-category.music";
				INFOPLIST_KEY_NSHumanReadableCopyright = "";
				LD_RUNPATH_SEARCH_PATHS = (
					"$(inherited)",
					"@executable_path/../Frameworks",
				);
				MARKETING_VERSION = 1.0.2;
				PRODUCT_BUNDLE_IDENTIFIER = fr.tducray.PatchOrganizer;
				PRODUCT_NAME = "$(TARGET_NAME)";
				SWIFT_EMIT_LOC_STRINGS = YES;
				SWIFT_OBJC_BRIDGING_HEADER = "PatchOrganizer/PatchOrganizer-Bridging-Header.h";
				SWIFT_OPTIMIZATION_LEVEL = "-Onone";
				SWIFT_VERSION = 5.0;
			};
			name = Debug;
		};
		1031523028FDA7930066B958 /* Release */ = {
			isa = XCBuildConfiguration;
			buildSettings = {
				ASSETCATALOG_COMPILER_APPICON_NAME = AppIcon;
				"ASSETCATALOG_COMPILER_APPICON_NAME[sdk=macosx*]" = AppIcon;
				ASSETCATALOG_COMPILER_GLOBAL_ACCENT_COLOR_NAME = AccentColor;
				ASSETCATALOG_COMPILER_INCLUDE_ALL_APPICON_ASSETS = YES;
				CLANG_ENABLE_MODULES = YES;
				CODE_SIGN_ENTITLEMENTS = PatchOrganizer/PatchOrganizer.entitlements;
				CODE_SIGN_STYLE = Automatic;
				COMBINE_HIDPI_IMAGES = YES;
				CURRENT_PROJECT_VERSION = 1;
				DEVELOPMENT_ASSET_PATHS = "\"PatchOrganizer/Preview Content\"";
				ENABLE_PREVIEWS = YES;
				GCC_NO_COMMON_BLOCKS = NO;
				GENERATE_INFOPLIST_FILE = YES;
				INFOPLIST_KEY_CFBundleDisplayName = PatchOrganizer;
				INFOPLIST_KEY_LSApplicationCategoryType = "public.app-category.music";
				INFOPLIST_KEY_NSHumanReadableCopyright = "";
				LD_RUNPATH_SEARCH_PATHS = (
					"$(inherited)",
					"@executable_path/../Frameworks",
				);
				MARKETING_VERSION = 1.0.2;
				PRODUCT_BUNDLE_IDENTIFIER = fr.tducray.PatchOrganizer;
				PRODUCT_NAME = "$(TARGET_NAME)";
				SWIFT_EMIT_LOC_STRINGS = YES;
				SWIFT_OBJC_BRIDGING_HEADER = "PatchOrganizer/PatchOrganizer-Bridging-Header.h";
				SWIFT_VERSION = 5.0;
			};
			name = Release;
		};
		1031523228FDA7930066B958 /* Debug */ = {
			isa = XCBuildConfiguration;
			buildSettings = {
				ALWAYS_EMBED_SWIFT_STANDARD_LIBRARIES = YES;
				BUNDLE_LOADER = "$(TEST_HOST)";
				CODE_SIGN_STYLE = Automatic;
				CURRENT_PROJECT_VERSION = 1;
				GENERATE_INFOPLIST_FILE = YES;
				MACOSX_DEPLOYMENT_TARGET = 12.3;
				MARKETING_VERSION = 1.0;
				PRODUCT_BUNDLE_IDENTIFIER = fr.tducray.PatchOrganizerTests;
				PRODUCT_NAME = "$(TARGET_NAME)";
				SWIFT_EMIT_LOC_STRINGS = NO;
				SWIFT_VERSION = 5.0;
				TEST_HOST = "$(BUILT_PRODUCTS_DIR)/PatchOrganizer.app/$(BUNDLE_EXECUTABLE_FOLDER_PATH)/PatchOrganizer";
			};
			name = Debug;
		};
		1031523328FDA7930066B958 /* Release */ = {
			isa = XCBuildConfiguration;
			buildSettings = {
				ALWAYS_EMBED_SWIFT_STANDARD_LIBRARIES = YES;
				BUNDLE_LOADER = "$(TEST_HOST)";
				CODE_SIGN_STYLE = Automatic;
				CURRENT_PROJECT_VERSION = 1;
				GENERATE_INFOPLIST_FILE = YES;
				MACOSX_DEPLOYMENT_TARGET = 12.3;
				MARKETING_VERSION = 1.0;
				PRODUCT_BUNDLE_IDENTIFIER = fr.tducray.PatchOrganizerTests;
				PRODUCT_NAME = "$(TARGET_NAME)";
				SWIFT_EMIT_LOC_STRINGS = NO;
				SWIFT_VERSION = 5.0;
				TEST_HOST = "$(BUILT_PRODUCTS_DIR)/PatchOrganizer.app/$(BUNDLE_EXECUTABLE_FOLDER_PATH)/PatchOrganizer";
			};
			name = Release;
		};
		1031523528FDA7930066B958 /* Debug */ = {
			isa = XCBuildConfiguration;
			buildSettings = {
				ALWAYS_EMBED_SWIFT_STANDARD_LIBRARIES = YES;
				CODE_SIGN_STYLE = Automatic;
				CURRENT_PROJECT_VERSION = 1;
				GENERATE_INFOPLIST_FILE = YES;
				MARKETING_VERSION = 1.0;
				PRODUCT_BUNDLE_IDENTIFIER = fr.tducray.PatchOrganizerUITests;
				PRODUCT_NAME = "$(TARGET_NAME)";
				SWIFT_EMIT_LOC_STRINGS = NO;
				SWIFT_VERSION = 5.0;
				TEST_TARGET_NAME = PatchOrganizer;
			};
			name = Debug;
		};
		1031523628FDA7930066B958 /* Release */ = {
			isa = XCBuildConfiguration;
			buildSettings = {
				ALWAYS_EMBED_SWIFT_STANDARD_LIBRARIES = YES;
				CODE_SIGN_STYLE = Automatic;
				CURRENT_PROJECT_VERSION = 1;
				GENERATE_INFOPLIST_FILE = YES;
				MARKETING_VERSION = 1.0;
				PRODUCT_BUNDLE_IDENTIFIER = fr.tducray.PatchOrganizerUITests;
				PRODUCT_NAME = "$(TARGET_NAME)";
				SWIFT_EMIT_LOC_STRINGS = NO;
				SWIFT_VERSION = 5.0;
				TEST_TARGET_NAME = PatchOrganizer;
			};
			name = Release;
		};
/* End XCBuildConfiguration section */

/* Begin XCConfigurationList section */
		1031520428FDA7910066B958 /* Build configuration list for PBXProject "PatchOrganizer" */ = {
			isa = XCConfigurationList;
			buildConfigurations = (
				1031522C28FDA7930066B958 /* Debug */,
				1031522D28FDA7930066B958 /* Release */,
			);
			defaultConfigurationIsVisible = 0;
			defaultConfigurationName = Release;
		};
		1031522E28FDA7930066B958 /* Build configuration list for PBXNativeTarget "PatchOrganizer" */ = {
			isa = XCConfigurationList;
			buildConfigurations = (
				1031522F28FDA7930066B958 /* Debug */,
				1031523028FDA7930066B958 /* Release */,
			);
			defaultConfigurationIsVisible = 0;
			defaultConfigurationName = Release;
		};
		1031523128FDA7930066B958 /* Build configuration list for PBXNativeTarget "PatchOrganizerTests" */ = {
			isa = XCConfigurationList;
			buildConfigurations = (
				1031523228FDA7930066B958 /* Debug */,
				1031523328FDA7930066B958 /* Release */,
			);
			defaultConfigurationIsVisible = 0;
			defaultConfigurationName = Release;
		};
		1031523428FDA7930066B958 /* Build configuration list for PBXNativeTarget "PatchOrganizerUITests" */ = {
			isa = XCConfigurationList;
			buildConfigurations = (
				1031523528FDA7930066B958 /* Debug */,
				1031523628FDA7930066B958 /* Release */,
			);
			defaultConfigurationIsVisible = 0;
			defaultConfigurationName = Release;
		};
/* End XCConfigurationList section */
	};
	rootObject = 1031520128FDA7910066B958 /* Project object */;
}
